
Microsoft Visual Studio Solution File, Format Version 12.00
# Visual Studio Version 17
VisualStudioVersion = 17.1.32228.430
MinimumVisualStudioVersion = 10.0.40219.1
Project("{9A19103F-16F7-4668-BE54-9A1E7A4F7556}") = "ANY", "ANY\ANY.csproj", "{14117A24-2C14-45D8-AC56-E4D3C3A2E42F}"
EndProject
Project("{9A19103F-16F7-4668-BE54-9A1E7A4F7556}") = "ALL", "ALL\ALL.csproj", "{13D8373B-33AA-4FBE-BC6C-0C64FB7889C0}"
EndProject
Project("{9A19103F-16F7-4668-BE54-9A1E7A4F7556}") = "COUNT", "COUNT\COUNT.csproj", "{D8C1CE5C-E435-4840-A80F-03FAC19FC704}"
EndProject
Project("{9A19103F-16F7-4668-BE54-9A1E7A4F7556}") = "CONTAINS", "CONTAINS\CONTAINS.csproj", "{2FAD20C1-8542-4685-AA49-50964AB07596}"
EndProject
Project("{9A19103F-16F7-4668-BE54-9A1E7A4F7556}") = "ORDERBY", "ORDERBY\ORDERBY.csproj", "{A11725E1-0098-4707-9A1F-8046A8B44970}"
EndProject
Project("{9A19103F-16F7-4668-BE54-9A1E7A4F7556}") = "MIN_MAX", "MIN_MAX\MIN_MAX.csproj", "{3CC1C06E-66CA-49BA-A1C1-A125A0B7E7F0}"
EndProject
Project("{9A19103F-16F7-4668-BE54-9A1E7A4F7556}") = "AVERAGE", "AVERAGE\AVERAGE.csproj", "{AFF589FB-B491-4A00-BCC9-A76F639D9E4A}"
EndProject
Project("{9A19103F-16F7-4668-BE54-9A1E7A4F7556}") = "SUM", "SUM\SUM.csproj", "{943D87D2-4F6E-4DD8-A44C-AD6BB7C4C74C}"
EndProject
Project("{FAE04EC0-301F-11D3-BF4B-00C04F79EFBC}") = "ElementAt", "ElementAt\ElementAt.csproj", "{FD67D096-27F6-41C3-A585-DFE9931AA3B9}"
EndProject
Global
	GlobalSection(SolutionConfigurationPlatforms) = preSolution
		Debug|Any CPU = Debug|Any CPU
		Release|Any CPU = Release|Any CPU
	EndGlobalSection
	GlobalSection(ProjectConfigurationPlatforms) = postSolution
		{14117A24-2C14-45D8-AC56-E4D3C3A2E42F}.Debug|Any CPU.ActiveCfg = Debug|Any CPU
		{14117A24-2C14-45D8-AC56-E4D3C3A2E42F}.Debug|Any CPU.Build.0 = Debug|Any CPU
		{14117A24-2C14-45D8-AC56-E4D3C3A2E42F}.Release|Any CPU.ActiveCfg = Release|Any CPU
		{14117A24-2C14-45D8-AC56-E4D3C3A2E42F}.Release|Any CPU.Build.0 = Release|Any CPU
		{13D8373B-33AA-4FBE-BC6C-0C64FB7889C0}.Debug|Any CPU.ActiveCfg = Debug|Any CPU
		{13D8373B-33AA-4FBE-BC6C-0C64FB7889C0}.Debug|Any CPU.Build.0 = Debug|Any CPU
		{13D8373B-33AA-4FBE-BC6C-0C64FB7889C0}.Release|Any CPU.ActiveCfg = Release|Any CPU
		{13D8373B-33AA-4FBE-BC6C-0C64FB7889C0}.Release|Any CPU.Build.0 = Release|Any CPU
		{D8C1CE5C-E435-4840-A80F-03FAC19FC704}.Debug|Any CPU.ActiveCfg = Debug|Any CPU
		{D8C1CE5C-E435-4840-A80F-03FAC19FC704}.Debug|Any CPU.Build.0 = Debug|Any CPU
		{D8C1CE5C-E435-4840-A80F-03FAC19FC704}.Release|Any CPU.ActiveCfg = Release|Any CPU
		{D8C1CE5C-E435-4840-A80F-03FAC19FC704}.Release|Any CPU.Build.0 = Release|Any CPU
		{2FAD20C1-8542-4685-AA49-50964AB07596}.Debug|Any CPU.ActiveCfg = Debug|Any CPU
		{2FAD20C1-8542-4685-AA49-50964AB07596}.Debug|Any CPU.Build.0 = Debug|Any CPU
		{2FAD20C1-8542-4685-AA49-50964AB07596}.Release|Any CPU.ActiveCfg = Release|Any CPU
		{2FAD20C1-8542-4685-AA49-50964AB07596}.Release|Any CPU.Build.0 = Release|Any CPU
		{A11725E1-0098-4707-9A1F-8046A8B44970}.Debug|Any CPU.ActiveCfg = Debug|Any CPU
		{A11725E1-0098-4707-9A1F-8046A8B44970}.Debug|Any CPU.Build.0 = Debug|Any CPU
		{A11725E1-0098-4707-9A1F-8046A8B44970}.Release|Any CPU.ActiveCfg = Release|Any CPU
		{A11725E1-0098-4707-9A1F-8046A8B44970}.Release|Any CPU.Build.0 = Release|Any CPU
		{3CC1C06E-66CA-49BA-A1C1-A125A0B7E7F0}.Debug|Any CPU.ActiveCfg = Debug|Any CPU
		{3CC1C06E-66CA-49BA-A1C1-A125A0B7E7F0}.Debug|Any CPU.Build.0 = Debug|Any CPU
		{3CC1C06E-66CA-49BA-A1C1-A125A0B7E7F0}.Release|Any CPU.ActiveCfg = Release|Any CPU
		{3CC1C06E-66CA-49BA-A1C1-A125A0B7E7F0}.Release|Any CPU.Build.0 = Release|Any CPU
		{AFF589FB-B491-4A00-BCC9-A76F639D9E4A}.Debug|Any CPU.ActiveCfg = Debug|Any CPU
		{AFF589FB-B491-4A00-BCC9-A76F639D9E4A}.Debug|Any CPU.Build.0 = Debug|Any CPU
		{AFF589FB-B491-4A00-BCC9-A76F639D9E4A}.Release|Any CPU.ActiveCfg = Release|Any CPU
		{AFF589FB-B491-4A00-BCC9-A76F639D9E4A}.Release|Any CPU.Build.0 = Release|Any CPU
		{943D87D2-4F6E-4DD8-A44C-AD6BB7C4C74C}.Debug|Any CPU.ActiveCfg = Debug|Any CPU
		{943D87D2-4F6E-4DD8-A44C-AD6BB7C4C74C}.Debug|Any CPU.Build.0 = Debug|Any CPU
		{943D87D2-4F6E-4DD8-A44C-AD6BB7C4C74C}.Release|Any CPU.ActiveCfg = Release|Any CPU
		{943D87D2-4F6E-4DD8-A44C-AD6BB7C4C74C}.Release|Any CPU.Build.0 = Release|Any CPU
		{FD67D096-27F6-41C3-A585-DFE9931AA3B9}.Debug|Any CPU.ActiveCfg = Debug|Any CPU
		{FD67D096-27F6-41C3-A585-DFE9931AA3B9}.Debug|Any CPU.Build.0 = Debug|Any CPU
		{FD67D096-27F6-41C3-A585-DFE9931AA3B9}.Release|Any CPU.ActiveCfg = Release|Any CPU
		{FD67D096-27F6-41C3-A585-DFE9931AA3B9}.Release|Any CPU.Build.0 = Release|Any CPU
	EndGlobalSection
	GlobalSection(SolutionProperties) = preSolution
		HideSolutionNode = FALSE
	EndGlobalSection
	GlobalSection(ExtensibilityGlobals) = postSolution
		SolutionGuid = {C58533C4-95BD-45CE-A591-7D78C9FD6B72}
	EndGlobalSection
EndGlobal
