
Microsoft Visual Studio Solution File, Format Version 12.00
# Visual Studio Version 17
VisualStudioVersion = 17.1.32228.430
MinimumVisualStudioVersion = 10.0.40219.1
Project("{9A19103F-16F7-4668-BE54-9A1E7A4F7556}") = "ANY", "ANY\ANY.csproj", "{14117A24-2C14-45D8-AC56-E4D3C3A2E42F}"
EndProject
Project("{9A19103F-16F7-4668-BE54-9A1E7A4F7556}") = "ALL", "ALL\ALL.csproj", "{13D8373B-33AA-4FBE-BC6C-0C64FB7889C0}"
EndProject
Project("{9A19103F-16F7-4668-BE54-9A1E7A4F7556}") = "COUNT", "COUNT\COUNT.csproj", "{D8C1CE5C-E435-4840-A80F-03FAC19FC704}"
EndProject
Project("{9A19103F-16F7-4668-BE54-9A1E7A4F7556}") = "CONTAINS", "CONTAINS\CONTAINS.csproj", "{2FAD20C1-8542-4685-AA49-50964AB07596}"
EndProject
Project("{9A19103F-16F7-4668-BE54-9A1E7A4F7556}") = "ORDERBY", "ORDERBY\ORDERBY.csproj", "{A11725E1-0098-4707-9A1F-8046A8B44970}"
EndProject
Project("{9A19103F-16F7-4668-BE54-9A1E7A4F7556}") = "MIN_MAX", "MIN_MAX\MIN_MAX.csproj", "{3CC1C06E-66CA-49BA-A1C1-A125A0B7E7F0}"
EndProject
Project("{9A19103F-16F7-4668-BE54-9A1E7A4F7556}") = "AVERAGE", "AVERAGE\AVERAGE.csproj", "{AFF589FB-B491-4A00-BCC9-A76F639D9E4A}"
EndProject
Project("{9A19103F-16F7-4668-BE54-9A1E7A4F7556}") = "SUM", "SUM\SUM.csproj", "{943D87D2-4F6E-4DD8-A44C-AD6BB7C4C74C}"
EndProject
Project("{9A19103F-16F7-4668-BE54-9A1E7A4F7556}") = "ELEMENTAT", "ELEMENTAT\ELEMENTAT.csproj", "{FD67D096-27F6-41C3-A585-DFE9931AA3B9}"
EndProject
Project("{9A19103F-16F7-4668-BE54-9A1E7A4F7556}") = "FIRST_LAST", "FIRST_LAST\FIRST_LAST.csproj", "{C26EADFE-7C28-49F8-A021-CE1FF24DB4E2}"
EndProject
Project("{9A19103F-16F7-4668-BE54-9A1E7A4F7556}") = "SINGLE", "SINGLE\SINGLE.csproj", "{7404CB31-CDD5-4EFA-8D32-89DC3CCF1BF9}"
EndProject
Project("{9A19103F-16F7-4668-BE54-9A1E7A4F7556}") = "WHERE", "WHERE\WHERE.csproj", "{4B135EA2-C3FF-4B43-A25E-644E7585589D}"
EndProject
Project("{9A19103F-16F7-4668-BE54-9A1E7A4F7556}") = "TAKE", "TAKE\TAKE.csproj", "{256141E9-7AEC-4FAF-8CE6-63D7031040E3}"
EndProject
Project("{9A19103F-16F7-4668-BE54-9A1E7A4F7556}") = "SKIP", "SKIP\SKIP.csproj", "{2496B033-0474-4607-9561-9BF54A483AC9}"
EndProject
Project("{9A19103F-16F7-4668-BE54-9A1E7A4F7556}") = "OFTYPE", "OFTYPE\OFTYPE.csproj", "{C8611D38-DF29-4A7D-8357-DEC8D056CC21}"
EndProject
Project("{9A19103F-16F7-4668-BE54-9A1E7A4F7556}") = "DISTINCT", "DISTINCT\DISTINCT.csproj", "{9F0BBEE7-00BF-4DAA-AABD-9E3F44A9B483}"
EndProject
Project("{9A19103F-16F7-4668-BE54-9A1E7A4F7556}") = "APPEND_PREPEND", "APPEND_PREPEND\APPEND_PREPEND.csproj", "{288953C0-7D0D-41F8-8421-37CF25627BCD}"
EndProject
Project("{9A19103F-16F7-4668-BE54-9A1E7A4F7556}") = "CONCAT", "CONCAT\CONCAT.csproj", "{DE581D5C-ABBF-4322-A335-29631E8EFF35}"
EndProject
Project("{9A19103F-16F7-4668-BE54-9A1E7A4F7556}") = "UNION_UNIONBY", "UNION_UNIONBY\UNION_UNIONBY.csproj", "{9A808428-BC15-4C75-82C4-2AD5486A8EEF}"
EndProject
Project("{9A19103F-16F7-4668-BE54-9A1E7A4F7556}") = "CollectionTypeChange", "CollectionTypeChange\CollectionTypeChange.csproj", "{E426CA2C-793B-4533-8197-9D24183D6B38}"
EndProject
Project("{9A19103F-16F7-4668-BE54-9A1E7A4F7556}") = "SELECT", "SELECT\SELECT.csproj", "{22A3548C-B3DE-4B75-9D44-A4AB80DA62FE}"
EndProject
Project("{9A19103F-16F7-4668-BE54-9A1E7A4F7556}") = "SELECTMANY", "SELECTMANY\SELECTMANY.csproj", "{4A2C4F2B-9EB4-4FE9-868A-26C4BD92704C}"
EndProject
Project("{9A19103F-16F7-4668-BE54-9A1E7A4F7556}") = "GeneratingNewCollections", "GeneratingNewCollections\GeneratingNewCollections.csproj", "{0D00F4D4-713F-445E-A454-820C491A6D23}"
EndProject
Project("{9A19103F-16F7-4668-BE54-9A1E7A4F7556}") = "GROUPBY", "GROUPBY\GROUPBY.csproj", "{70077B37-F18B-4535-978B-F09477C7DB0B}"
EndProject
Project("{FAE04EC0-301F-11D3-BF4B-00C04F79EFBC}") = "EXCEPT_EXCEPTBY", "EXCEPT_EXCEPTBY\EXCEPT_EXCEPTBY.csproj", "{879B60FE-8786-4FCF-B74E-46FE898F0E39}"
EndProject
Project("{FAE04EC0-301F-11D3-BF4B-00C04F79EFBC}") = "INTERSECT_INTERSECTBY", "INTERSECT_INTERSECTBY\INTERSECT_INTERSECTBY.csproj", "{91554EB9-21FE-4837-A5E7-8DD2133783F6}"
EndProject
Project("{FAE04EC0-301F-11D3-BF4B-00C04F79EFBC}") = "JOIN", "JOIN\JOIN.csproj", "{91775CBF-217E-4CE4-AEF2-70B0128BFDD8}"
EndProject
Project("{FAE04EC0-301F-11D3-BF4B-00C04F79EFBC}") = "GROUPJOIN", "GROUPJOIN\GROUPJOIN.csproj", "{9B87CC64-6B76-460E-A5EE-4B2215797C16}"
EndProject
Project("{FAE04EC0-301F-11D3-BF4B-00C04F79EFBC}") = "AGGREGATE", "AGGREGATE\AGGREGATE.csproj", "{3FE992C5-0B7D-4811-88E7-F765A889A534}"
EndProject
Project("{FAE04EC0-301F-11D3-BF4B-00C04F79EFBC}") = "ZIP", "ZIP\ZIP.csproj", "{757B4503-BCF2-4D63-99E8-DCD18EA99D9D}"
EndProject
Project("{FAE04EC0-301F-11D3-BF4B-00C04F79EFBC}") = "SEQUENCEEQUAL", "SEQUENCEEQUAL\SEQUENCEEQUAL.csproj", "{0F0FC7C4-C0E2-4820-B99B-38A546729790}"
EndProject
Project("{FAE04EC0-301F-11D3-BF4B-00C04F79EFBC}") = "CHUNK", "CHUNK\CHUNK.csproj", "{104FC4CC-2912-4BD3-9494-1618DE50D539}"
EndProject
Project("{FAE04EC0-301F-11D3-BF4B-00C04F79EFBC}") = "TRYGETNONENUMERATEDCOUNT", "TRYGETNONENUMERATEDCOUNT\TRYGETNONENUMERATEDCOUNT.csproj", "{7B249A7E-1044-4334-92D7-31276CB606DD}"
EndProject
Global
	GlobalSection(SolutionConfigurationPlatforms) = preSolution
		Debug|Any CPU = Debug|Any CPU
		Release|Any CPU = Release|Any CPU
	EndGlobalSection
	GlobalSection(ProjectConfigurationPlatforms) = postSolution
		{14117A24-2C14-45D8-AC56-E4D3C3A2E42F}.Debug|Any CPU.ActiveCfg = Debug|Any CPU
		{14117A24-2C14-45D8-AC56-E4D3C3A2E42F}.Debug|Any CPU.Build.0 = Debug|Any CPU
		{14117A24-2C14-45D8-AC56-E4D3C3A2E42F}.Release|Any CPU.ActiveCfg = Release|Any CPU
		{14117A24-2C14-45D8-AC56-E4D3C3A2E42F}.Release|Any CPU.Build.0 = Release|Any CPU
		{13D8373B-33AA-4FBE-BC6C-0C64FB7889C0}.Debug|Any CPU.ActiveCfg = Debug|Any CPU
		{13D8373B-33AA-4FBE-BC6C-0C64FB7889C0}.Debug|Any CPU.Build.0 = Debug|Any CPU
		{13D8373B-33AA-4FBE-BC6C-0C64FB7889C0}.Release|Any CPU.ActiveCfg = Release|Any CPU
		{13D8373B-33AA-4FBE-BC6C-0C64FB7889C0}.Release|Any CPU.Build.0 = Release|Any CPU
		{D8C1CE5C-E435-4840-A80F-03FAC19FC704}.Debug|Any CPU.ActiveCfg = Debug|Any CPU
		{D8C1CE5C-E435-4840-A80F-03FAC19FC704}.Debug|Any CPU.Build.0 = Debug|Any CPU
		{D8C1CE5C-E435-4840-A80F-03FAC19FC704}.Release|Any CPU.ActiveCfg = Release|Any CPU
		{D8C1CE5C-E435-4840-A80F-03FAC19FC704}.Release|Any CPU.Build.0 = Release|Any CPU
		{2FAD20C1-8542-4685-AA49-50964AB07596}.Debug|Any CPU.ActiveCfg = Debug|Any CPU
		{2FAD20C1-8542-4685-AA49-50964AB07596}.Debug|Any CPU.Build.0 = Debug|Any CPU
		{2FAD20C1-8542-4685-AA49-50964AB07596}.Release|Any CPU.ActiveCfg = Release|Any CPU
		{2FAD20C1-8542-4685-AA49-50964AB07596}.Release|Any CPU.Build.0 = Release|Any CPU
		{A11725E1-0098-4707-9A1F-8046A8B44970}.Debug|Any CPU.ActiveCfg = Debug|Any CPU
		{A11725E1-0098-4707-9A1F-8046A8B44970}.Debug|Any CPU.Build.0 = Debug|Any CPU
		{A11725E1-0098-4707-9A1F-8046A8B44970}.Release|Any CPU.ActiveCfg = Release|Any CPU
		{A11725E1-0098-4707-9A1F-8046A8B44970}.Release|Any CPU.Build.0 = Release|Any CPU
		{3CC1C06E-66CA-49BA-A1C1-A125A0B7E7F0}.Debug|Any CPU.ActiveCfg = Debug|Any CPU
		{3CC1C06E-66CA-49BA-A1C1-A125A0B7E7F0}.Debug|Any CPU.Build.0 = Debug|Any CPU
		{3CC1C06E-66CA-49BA-A1C1-A125A0B7E7F0}.Release|Any CPU.ActiveCfg = Release|Any CPU
		{3CC1C06E-66CA-49BA-A1C1-A125A0B7E7F0}.Release|Any CPU.Build.0 = Release|Any CPU
		{AFF589FB-B491-4A00-BCC9-A76F639D9E4A}.Debug|Any CPU.ActiveCfg = Debug|Any CPU
		{AFF589FB-B491-4A00-BCC9-A76F639D9E4A}.Debug|Any CPU.Build.0 = Debug|Any CPU
		{AFF589FB-B491-4A00-BCC9-A76F639D9E4A}.Release|Any CPU.ActiveCfg = Release|Any CPU
		{AFF589FB-B491-4A00-BCC9-A76F639D9E4A}.Release|Any CPU.Build.0 = Release|Any CPU
		{943D87D2-4F6E-4DD8-A44C-AD6BB7C4C74C}.Debug|Any CPU.ActiveCfg = Debug|Any CPU
		{943D87D2-4F6E-4DD8-A44C-AD6BB7C4C74C}.Debug|Any CPU.Build.0 = Debug|Any CPU
		{943D87D2-4F6E-4DD8-A44C-AD6BB7C4C74C}.Release|Any CPU.ActiveCfg = Release|Any CPU
		{943D87D2-4F6E-4DD8-A44C-AD6BB7C4C74C}.Release|Any CPU.Build.0 = Release|Any CPU
		{FD67D096-27F6-41C3-A585-DFE9931AA3B9}.Debug|Any CPU.ActiveCfg = Debug|Any CPU
		{FD67D096-27F6-41C3-A585-DFE9931AA3B9}.Debug|Any CPU.Build.0 = Debug|Any CPU
		{FD67D096-27F6-41C3-A585-DFE9931AA3B9}.Release|Any CPU.ActiveCfg = Release|Any CPU
		{FD67D096-27F6-41C3-A585-DFE9931AA3B9}.Release|Any CPU.Build.0 = Release|Any CPU
		{C26EADFE-7C28-49F8-A021-CE1FF24DB4E2}.Debug|Any CPU.ActiveCfg = Debug|Any CPU
		{C26EADFE-7C28-49F8-A021-CE1FF24DB4E2}.Debug|Any CPU.Build.0 = Debug|Any CPU
		{C26EADFE-7C28-49F8-A021-CE1FF24DB4E2}.Release|Any CPU.ActiveCfg = Release|Any CPU
		{C26EADFE-7C28-49F8-A021-CE1FF24DB4E2}.Release|Any CPU.Build.0 = Release|Any CPU
		{7404CB31-CDD5-4EFA-8D32-89DC3CCF1BF9}.Debug|Any CPU.ActiveCfg = Debug|Any CPU
		{7404CB31-CDD5-4EFA-8D32-89DC3CCF1BF9}.Debug|Any CPU.Build.0 = Debug|Any CPU
		{7404CB31-CDD5-4EFA-8D32-89DC3CCF1BF9}.Release|Any CPU.ActiveCfg = Release|Any CPU
		{7404CB31-CDD5-4EFA-8D32-89DC3CCF1BF9}.Release|Any CPU.Build.0 = Release|Any CPU
		{4B135EA2-C3FF-4B43-A25E-644E7585589D}.Debug|Any CPU.ActiveCfg = Debug|Any CPU
		{4B135EA2-C3FF-4B43-A25E-644E7585589D}.Debug|Any CPU.Build.0 = Debug|Any CPU
		{4B135EA2-C3FF-4B43-A25E-644E7585589D}.Release|Any CPU.ActiveCfg = Release|Any CPU
		{4B135EA2-C3FF-4B43-A25E-644E7585589D}.Release|Any CPU.Build.0 = Release|Any CPU
		{256141E9-7AEC-4FAF-8CE6-63D7031040E3}.Debug|Any CPU.ActiveCfg = Debug|Any CPU
		{256141E9-7AEC-4FAF-8CE6-63D7031040E3}.Debug|Any CPU.Build.0 = Debug|Any CPU
		{256141E9-7AEC-4FAF-8CE6-63D7031040E3}.Release|Any CPU.ActiveCfg = Release|Any CPU
		{256141E9-7AEC-4FAF-8CE6-63D7031040E3}.Release|Any CPU.Build.0 = Release|Any CPU
		{2496B033-0474-4607-9561-9BF54A483AC9}.Debug|Any CPU.ActiveCfg = Debug|Any CPU
		{2496B033-0474-4607-9561-9BF54A483AC9}.Debug|Any CPU.Build.0 = Debug|Any CPU
		{2496B033-0474-4607-9561-9BF54A483AC9}.Release|Any CPU.ActiveCfg = Release|Any CPU
		{2496B033-0474-4607-9561-9BF54A483AC9}.Release|Any CPU.Build.0 = Release|Any CPU
		{C8611D38-DF29-4A7D-8357-DEC8D056CC21}.Debug|Any CPU.ActiveCfg = Debug|Any CPU
		{C8611D38-DF29-4A7D-8357-DEC8D056CC21}.Debug|Any CPU.Build.0 = Debug|Any CPU
		{C8611D38-DF29-4A7D-8357-DEC8D056CC21}.Release|Any CPU.ActiveCfg = Release|Any CPU
		{C8611D38-DF29-4A7D-8357-DEC8D056CC21}.Release|Any CPU.Build.0 = Release|Any CPU
		{9F0BBEE7-00BF-4DAA-AABD-9E3F44A9B483}.Debug|Any CPU.ActiveCfg = Debug|Any CPU
		{9F0BBEE7-00BF-4DAA-AABD-9E3F44A9B483}.Debug|Any CPU.Build.0 = Debug|Any CPU
		{9F0BBEE7-00BF-4DAA-AABD-9E3F44A9B483}.Release|Any CPU.ActiveCfg = Release|Any CPU
		{9F0BBEE7-00BF-4DAA-AABD-9E3F44A9B483}.Release|Any CPU.Build.0 = Release|Any CPU
		{288953C0-7D0D-41F8-8421-37CF25627BCD}.Debug|Any CPU.ActiveCfg = Debug|Any CPU
		{288953C0-7D0D-41F8-8421-37CF25627BCD}.Debug|Any CPU.Build.0 = Debug|Any CPU
		{288953C0-7D0D-41F8-8421-37CF25627BCD}.Release|Any CPU.ActiveCfg = Release|Any CPU
		{288953C0-7D0D-41F8-8421-37CF25627BCD}.Release|Any CPU.Build.0 = Release|Any CPU
		{DE581D5C-ABBF-4322-A335-29631E8EFF35}.Debug|Any CPU.ActiveCfg = Debug|Any CPU
		{DE581D5C-ABBF-4322-A335-29631E8EFF35}.Debug|Any CPU.Build.0 = Debug|Any CPU
		{DE581D5C-ABBF-4322-A335-29631E8EFF35}.Release|Any CPU.ActiveCfg = Release|Any CPU
		{DE581D5C-ABBF-4322-A335-29631E8EFF35}.Release|Any CPU.Build.0 = Release|Any CPU
		{9A808428-BC15-4C75-82C4-2AD5486A8EEF}.Debug|Any CPU.ActiveCfg = Debug|Any CPU
		{9A808428-BC15-4C75-82C4-2AD5486A8EEF}.Debug|Any CPU.Build.0 = Debug|Any CPU
		{9A808428-BC15-4C75-82C4-2AD5486A8EEF}.Release|Any CPU.ActiveCfg = Release|Any CPU
		{9A808428-BC15-4C75-82C4-2AD5486A8EEF}.Release|Any CPU.Build.0 = Release|Any CPU
		{E426CA2C-793B-4533-8197-9D24183D6B38}.Debug|Any CPU.ActiveCfg = Debug|Any CPU
		{E426CA2C-793B-4533-8197-9D24183D6B38}.Debug|Any CPU.Build.0 = Debug|Any CPU
		{E426CA2C-793B-4533-8197-9D24183D6B38}.Release|Any CPU.ActiveCfg = Release|Any CPU
		{E426CA2C-793B-4533-8197-9D24183D6B38}.Release|Any CPU.Build.0 = Release|Any CPU
		{22A3548C-B3DE-4B75-9D44-A4AB80DA62FE}.Debug|Any CPU.ActiveCfg = Debug|Any CPU
		{22A3548C-B3DE-4B75-9D44-A4AB80DA62FE}.Debug|Any CPU.Build.0 = Debug|Any CPU
		{22A3548C-B3DE-4B75-9D44-A4AB80DA62FE}.Release|Any CPU.ActiveCfg = Release|Any CPU
		{22A3548C-B3DE-4B75-9D44-A4AB80DA62FE}.Release|Any CPU.Build.0 = Release|Any CPU
		{4A2C4F2B-9EB4-4FE9-868A-26C4BD92704C}.Debug|Any CPU.ActiveCfg = Debug|Any CPU
		{4A2C4F2B-9EB4-4FE9-868A-26C4BD92704C}.Debug|Any CPU.Build.0 = Debug|Any CPU
		{4A2C4F2B-9EB4-4FE9-868A-26C4BD92704C}.Release|Any CPU.ActiveCfg = Release|Any CPU
		{4A2C4F2B-9EB4-4FE9-868A-26C4BD92704C}.Release|Any CPU.Build.0 = Release|Any CPU
		{0D00F4D4-713F-445E-A454-820C491A6D23}.Debug|Any CPU.ActiveCfg = Debug|Any CPU
		{0D00F4D4-713F-445E-A454-820C491A6D23}.Debug|Any CPU.Build.0 = Debug|Any CPU
		{0D00F4D4-713F-445E-A454-820C491A6D23}.Release|Any CPU.ActiveCfg = Release|Any CPU
		{0D00F4D4-713F-445E-A454-820C491A6D23}.Release|Any CPU.Build.0 = Release|Any CPU
		{70077B37-F18B-4535-978B-F09477C7DB0B}.Debug|Any CPU.ActiveCfg = Debug|Any CPU
		{70077B37-F18B-4535-978B-F09477C7DB0B}.Debug|Any CPU.Build.0 = Debug|Any CPU
		{70077B37-F18B-4535-978B-F09477C7DB0B}.Release|Any CPU.ActiveCfg = Release|Any CPU
		{70077B37-F18B-4535-978B-F09477C7DB0B}.Release|Any CPU.Build.0 = Release|Any CPU
		{879B60FE-8786-4FCF-B74E-46FE898F0E39}.Debug|Any CPU.ActiveCfg = Debug|Any CPU
		{879B60FE-8786-4FCF-B74E-46FE898F0E39}.Debug|Any CPU.Build.0 = Debug|Any CPU
		{879B60FE-8786-4FCF-B74E-46FE898F0E39}.Release|Any CPU.ActiveCfg = Release|Any CPU
		{879B60FE-8786-4FCF-B74E-46FE898F0E39}.Release|Any CPU.Build.0 = Release|Any CPU
		{91554EB9-21FE-4837-A5E7-8DD2133783F6}.Debug|Any CPU.ActiveCfg = Debug|Any CPU
		{91554EB9-21FE-4837-A5E7-8DD2133783F6}.Debug|Any CPU.Build.0 = Debug|Any CPU
		{91554EB9-21FE-4837-A5E7-8DD2133783F6}.Release|Any CPU.ActiveCfg = Release|Any CPU
		{91554EB9-21FE-4837-A5E7-8DD2133783F6}.Release|Any CPU.Build.0 = Release|Any CPU
		{91775CBF-217E-4CE4-AEF2-70B0128BFDD8}.Debug|Any CPU.ActiveCfg = Debug|Any CPU
		{91775CBF-217E-4CE4-AEF2-70B0128BFDD8}.Debug|Any CPU.Build.0 = Debug|Any CPU
		{91775CBF-217E-4CE4-AEF2-70B0128BFDD8}.Release|Any CPU.ActiveCfg = Release|Any CPU
		{91775CBF-217E-4CE4-AEF2-70B0128BFDD8}.Release|Any CPU.Build.0 = Release|Any CPU
		{9B87CC64-6B76-460E-A5EE-4B2215797C16}.Debug|Any CPU.ActiveCfg = Debug|Any CPU
		{9B87CC64-6B76-460E-A5EE-4B2215797C16}.Debug|Any CPU.Build.0 = Debug|Any CPU
		{9B87CC64-6B76-460E-A5EE-4B2215797C16}.Release|Any CPU.ActiveCfg = Release|Any CPU
		{9B87CC64-6B76-460E-A5EE-4B2215797C16}.Release|Any CPU.Build.0 = Release|Any CPU
		{3FE992C5-0B7D-4811-88E7-F765A889A534}.Debug|Any CPU.ActiveCfg = Debug|Any CPU
		{3FE992C5-0B7D-4811-88E7-F765A889A534}.Debug|Any CPU.Build.0 = Debug|Any CPU
		{3FE992C5-0B7D-4811-88E7-F765A889A534}.Release|Any CPU.ActiveCfg = Release|Any CPU
		{3FE992C5-0B7D-4811-88E7-F765A889A534}.Release|Any CPU.Build.0 = Release|Any CPU
		{757B4503-BCF2-4D63-99E8-DCD18EA99D9D}.Debug|Any CPU.ActiveCfg = Debug|Any CPU
		{757B4503-BCF2-4D63-99E8-DCD18EA99D9D}.Debug|Any CPU.Build.0 = Debug|Any CPU
		{757B4503-BCF2-4D63-99E8-DCD18EA99D9D}.Release|Any CPU.ActiveCfg = Release|Any CPU
		{757B4503-BCF2-4D63-99E8-DCD18EA99D9D}.Release|Any CPU.Build.0 = Release|Any CPU
		{0F0FC7C4-C0E2-4820-B99B-38A546729790}.Debug|Any CPU.ActiveCfg = Debug|Any CPU
		{0F0FC7C4-C0E2-4820-B99B-38A546729790}.Debug|Any CPU.Build.0 = Debug|Any CPU
		{0F0FC7C4-C0E2-4820-B99B-38A546729790}.Release|Any CPU.ActiveCfg = Release|Any CPU
		{0F0FC7C4-C0E2-4820-B99B-38A546729790}.Release|Any CPU.Build.0 = Release|Any CPU
		{104FC4CC-2912-4BD3-9494-1618DE50D539}.Debug|Any CPU.ActiveCfg = Debug|Any CPU
		{104FC4CC-2912-4BD3-9494-1618DE50D539}.Debug|Any CPU.Build.0 = Debug|Any CPU
		{104FC4CC-2912-4BD3-9494-1618DE50D539}.Release|Any CPU.ActiveCfg = Release|Any CPU
		{104FC4CC-2912-4BD3-9494-1618DE50D539}.Release|Any CPU.Build.0 = Release|Any CPU
		{7B249A7E-1044-4334-92D7-31276CB606DD}.Debug|Any CPU.ActiveCfg = Debug|Any CPU
		{7B249A7E-1044-4334-92D7-31276CB606DD}.Debug|Any CPU.Build.0 = Debug|Any CPU
		{7B249A7E-1044-4334-92D7-31276CB606DD}.Release|Any CPU.ActiveCfg = Release|Any CPU
		{7B249A7E-1044-4334-92D7-31276CB606DD}.Release|Any CPU.Build.0 = Release|Any CPU
	EndGlobalSection
	GlobalSection(SolutionProperties) = preSolution
		HideSolutionNode = FALSE
	EndGlobalSection
	GlobalSection(ExtensibilityGlobals) = postSolution
		SolutionGuid = {C58533C4-95BD-45CE-A591-7D78C9FD6B72}
	EndGlobalSection
EndGlobal
